
Microsoft Visual Studio Solution File, Format Version 12.00
# Visual Studio 14
VisualStudioVersion = 14.0.24720.0
MinimumVisualStudioVersion = 10.0.40219.1
Project("{FAE04EC0-301F-11D3-BF4B-00C04F79EFBC}") = "BitCalculator", "BitCalculator\BitCalculator.csproj", "{DC23CC95-A665-4A98-953D-7F0F4D703956}"
EndProject
Project("{FAE04EC0-301F-11D3-BF4B-00C04F79EFBC}") = "ASP.NETAppWithNorthwind", "ASP.NETAppWithNorthwind\ASP.NETAppWithNorthwind.csproj", "{B9EA7E68-6A73-4CED-93F1-401530CF197A}"
EndProject
Project("{2150E333-8FDC-42A3-9474-1A3956D46DE8}") = "Difference betweeen ASP.NET WebForms and ASP.NET MVC", "Difference betweeen ASP.NET WebForms and ASP.NET MVC", "{6B440063-C968-4F0F-A357-E338DAE4EFE0}"
	ProjectSection(SolutionItems) = preProject
		C:\Users\Adrian Apostolov\Desktop\Difference betweeen ASP.NET WebForms and ASP.NET MVC.md = C:\Users\Adrian Apostolov\Desktop\Difference betweeen ASP.NET WebForms and ASP.NET MVC.md
	EndProjectSection
EndProject
Global
	GlobalSection(SolutionConfigurationPlatforms) = preSolution
		Debug|Any CPU = Debug|Any CPU
		Release|Any CPU = Release|Any CPU
	EndGlobalSection
	GlobalSection(ProjectConfigurationPlatforms) = postSolution
		{DC23CC95-A665-4A98-953D-7F0F4D703956}.Debug|Any CPU.ActiveCfg = Debug|Any CPU
		{DC23CC95-A665-4A98-953D-7F0F4D703956}.Debug|Any CPU.Build.0 = Debug|Any CPU
		{DC23CC95-A665-4A98-953D-7F0F4D703956}.Release|Any CPU.ActiveCfg = Release|Any CPU
		{DC23CC95-A665-4A98-953D-7F0F4D703956}.Release|Any CPU.Build.0 = Release|Any CPU
		{B9EA7E68-6A73-4CED-93F1-401530CF197A}.Debug|Any CPU.ActiveCfg = Debug|Any CPU
		{B9EA7E68-6A73-4CED-93F1-401530CF197A}.Debug|Any CPU.Build.0 = Debug|Any CPU
		{B9EA7E68-6A73-4CED-93F1-401530CF197A}.Release|Any CPU.ActiveCfg = Release|Any CPU
		{B9EA7E68-6A73-4CED-93F1-401530CF197A}.Release|Any CPU.Build.0 = Release|Any CPU
	EndGlobalSection
	GlobalSection(SolutionProperties) = preSolution
		HideSolutionNode = FALSE
	EndGlobalSection
EndGlobal
