
Microsoft Visual Studio Solution File, Format Version 12.00
# Visual Studio 2013
VisualStudioVersion = 12.0.31101.0
MinimumVisualStudioVersion = 10.0.40219.1
Project("{FAE04EC0-301F-11D3-BF4B-00C04F79EFBC}") = "01.Student", "01.Student\01.Student.csproj", "{57939CEB-BD96-426A-A0CE-F1856028F328}"
EndProject
Project("{FAE04EC0-301F-11D3-BF4B-00C04F79EFBC}") = "02.RefactoringMethods", "02.RefactoringMethods\02.RefactoringMethods.csproj", "{6D496D7A-0120-4CBD-9DE6-B5A11FE71BB6}"
EndProject
Project("{FAE04EC0-301F-11D3-BF4B-00C04F79EFBC}") = "03.RefactorExams", "03.RefactorExams\03.RefactorExams.csproj", "{F30A09E7-315B-484A-87A0-466620975EE0}"
EndProject
Global
	GlobalSection(SolutionConfigurationPlatforms) = preSolution
		Debug|Any CPU = Debug|Any CPU
		Release|Any CPU = Release|Any CPU
	EndGlobalSection
	GlobalSection(ProjectConfigurationPlatforms) = postSolution
		{57939CEB-BD96-426A-A0CE-F1856028F328}.Debug|Any CPU.ActiveCfg = Debug|Any CPU
		{57939CEB-BD96-426A-A0CE-F1856028F328}.Debug|Any CPU.Build.0 = Debug|Any CPU
		{57939CEB-BD96-426A-A0CE-F1856028F328}.Release|Any CPU.ActiveCfg = Release|Any CPU
		{57939CEB-BD96-426A-A0CE-F1856028F328}.Release|Any CPU.Build.0 = Release|Any CPU
		{6D496D7A-0120-4CBD-9DE6-B5A11FE71BB6}.Debug|Any CPU.ActiveCfg = Debug|Any CPU
		{6D496D7A-0120-4CBD-9DE6-B5A11FE71BB6}.Debug|Any CPU.Build.0 = Debug|Any CPU
		{6D496D7A-0120-4CBD-9DE6-B5A11FE71BB6}.Release|Any CPU.ActiveCfg = Release|Any CPU
		{6D496D7A-0120-4CBD-9DE6-B5A11FE71BB6}.Release|Any CPU.Build.0 = Release|Any CPU
		{F30A09E7-315B-484A-87A0-466620975EE0}.Debug|Any CPU.ActiveCfg = Debug|Any CPU
		{F30A09E7-315B-484A-87A0-466620975EE0}.Debug|Any CPU.Build.0 = Debug|Any CPU
		{F30A09E7-315B-484A-87A0-466620975EE0}.Release|Any CPU.ActiveCfg = Release|Any CPU
		{F30A09E7-315B-484A-87A0-466620975EE0}.Release|Any CPU.Build.0 = Release|Any CPU
	EndGlobalSection
	GlobalSection(SolutionProperties) = preSolution
		HideSolutionNode = FALSE
	EndGlobalSection
EndGlobal
