
Microsoft Visual Studio Solution File, Format Version 12.00
# Visual Studio 2013
VisualStudioVersion = 12.0.31101.0
MinimumVisualStudioVersion = 10.0.40219.1
Project("{FAE04EC0-301F-11D3-BF4B-00C04F79EFBC}") = "RotatingWalkInMatrix", "RotatingWalkInMatrix\RotatingWalkInMatrix.csproj", "{F37AE1EF-53B3-4FEC-82C6-34A1EA528F65}"
EndProject
Project("{FAE04EC0-301F-11D3-BF4B-00C04F79EFBC}") = "Helper", "Helper\Helper.csproj", "{B8A01324-E1A9-4B17-A010-57DEBD67F30D}"
EndProject
Project("{FAE04EC0-301F-11D3-BF4B-00C04F79EFBC}") = "RotatingWalkInMatrix.Tests", "RotatingWalkInMatrix.Tests\RotatingWalkInMatrix.Tests.csproj", "{19185613-6215-49B0-AB36-92EEB822BBBA}"
EndProject
Global
	GlobalSection(SolutionConfigurationPlatforms) = preSolution
		Debug|Any CPU = Debug|Any CPU
		Release|Any CPU = Release|Any CPU
	EndGlobalSection
	GlobalSection(ProjectConfigurationPlatforms) = postSolution
		{F37AE1EF-53B3-4FEC-82C6-34A1EA528F65}.Debug|Any CPU.ActiveCfg = Debug|Any CPU
		{F37AE1EF-53B3-4FEC-82C6-34A1EA528F65}.Debug|Any CPU.Build.0 = Debug|Any CPU
		{F37AE1EF-53B3-4FEC-82C6-34A1EA528F65}.Release|Any CPU.ActiveCfg = Release|Any CPU
		{F37AE1EF-53B3-4FEC-82C6-34A1EA528F65}.Release|Any CPU.Build.0 = Release|Any CPU
		{B8A01324-E1A9-4B17-A010-57DEBD67F30D}.Debug|Any CPU.ActiveCfg = Debug|Any CPU
		{B8A01324-E1A9-4B17-A010-57DEBD67F30D}.Debug|Any CPU.Build.0 = Debug|Any CPU
		{B8A01324-E1A9-4B17-A010-57DEBD67F30D}.Release|Any CPU.ActiveCfg = Release|Any CPU
		{B8A01324-E1A9-4B17-A010-57DEBD67F30D}.Release|Any CPU.Build.0 = Release|Any CPU
		{19185613-6215-49B0-AB36-92EEB822BBBA}.Debug|Any CPU.ActiveCfg = Debug|Any CPU
		{19185613-6215-49B0-AB36-92EEB822BBBA}.Debug|Any CPU.Build.0 = Debug|Any CPU
		{19185613-6215-49B0-AB36-92EEB822BBBA}.Release|Any CPU.ActiveCfg = Release|Any CPU
		{19185613-6215-49B0-AB36-92EEB822BBBA}.Release|Any CPU.Build.0 = Release|Any CPU
	EndGlobalSection
	GlobalSection(SolutionProperties) = preSolution
		HideSolutionNode = FALSE
	EndGlobalSection
EndGlobal
